// !$*UTF8*$!
{
	archiveVersion = 1;
	classes = {
	};
	objectVersion = 46;
	objects = {

/* Begin PBXBuildFile section */
		3C41CAAA1E034190005B3D49 /* AppDelegate.swift in Sources */ = {isa = PBXBuildFile; fileRef = 3C41CAA91E034190005B3D49 /* AppDelegate.swift */; };
		3C41CAAC1E034190005B3D49 /* ViewController.swift in Sources */ = {isa = PBXBuildFile; fileRef = 3C41CAAB1E034190005B3D49 /* ViewController.swift */; };
		3C41CAAF1E034190005B3D49 /* Main.storyboard in Resources */ = {isa = PBXBuildFile; fileRef = 3C41CAAD1E034190005B3D49 /* Main.storyboard */; };
		3C41CAB41E034190005B3D49 /* LaunchScreen.storyboard in Resources */ = {isa = PBXBuildFile; fileRef = 3C41CAB21E034190005B3D49 /* LaunchScreen.storyboard */; };
		3C41CABF1E034190005B3D49 /* MapTests.swift in Sources */ = {isa = PBXBuildFile; fileRef = 3C41CABE1E034190005B3D49 /* MapTests.swift */; };
		3C41CACA1E034190005B3D49 /* MapUITests.swift in Sources */ = {isa = PBXBuildFile; fileRef = 3C41CAC91E034190005B3D49 /* MapUITests.swift */; };
		3C41CAD91E03423A005B3D49 /* MapKit.framework in Frameworks */ = {isa = PBXBuildFile; fileRef = 3C41CAD81E03423A005B3D49 /* MapKit.framework */; };
		3C547CBD1E04341F00FED0D9 /* Assets.xcassets in Resources */ = {isa = PBXBuildFile; fileRef = 3C547CBC1E04341F00FED0D9 /* Assets.xcassets */; };
		3C707EB11E04101B00CAE4C2 /* CoreLocation.framework in Frameworks */ = {isa = PBXBuildFile; fileRef = 3C707EB01E04101B00CAE4C2 /* CoreLocation.framework */; };
/* End PBXBuildFile section */

/* Begin PBXContainerItemProxy section */
		3C41CABB1E034190005B3D49 /* PBXContainerItemProxy */ = {
			isa = PBXContainerItemProxy;
			containerPortal = 3C41CA9E1E034190005B3D49 /* Project object */;
			proxyType = 1;
			remoteGlobalIDString = 3C41CAA51E034190005B3D49;
			remoteInfo = Map;
		};
		3C41CAC61E034190005B3D49 /* PBXContainerItemProxy */ = {
			isa = PBXContainerItemProxy;
			containerPortal = 3C41CA9E1E034190005B3D49 /* Project object */;
			proxyType = 1;
			remoteGlobalIDString = 3C41CAA51E034190005B3D49;
			remoteInfo = Map;
		};
/* End PBXContainerItemProxy section */

/* Begin PBXFileReference section */
		3C41CAA61E034190005B3D49 /* Map.app */ = {isa = PBXFileReference; explicitFileType = wrapper.application; includeInIndex = 0; path = Map.app; sourceTree = BUILT_PRODUCTS_DIR; };
		3C41CAA91E034190005B3D49 /* AppDelegate.swift */ = {isa = PBXFileReference; lastKnownFileType = sourcecode.swift; path = AppDelegate.swift; sourceTree = "<group>"; };
		3C41CAAB1E034190005B3D49 /* ViewController.swift */ = {isa = PBXFileReference; lastKnownFileType = sourcecode.swift; path = ViewController.swift; sourceTree = "<group>"; };
		3C41CAAE1E034190005B3D49 /* Base */ = {isa = PBXFileReference; lastKnownFileType = file.storyboard; name = Base; path = Base.lproj/Main.storyboard; sourceTree = "<group>"; };
		3C41CAB31E034190005B3D49 /* Base */ = {isa = PBXFileReference; lastKnownFileType = file.storyboard; name = Base; path = Base.lproj/LaunchScreen.storyboard; sourceTree = "<group>"; };
		3C41CAB51E034190005B3D49 /* Info.plist */ = {isa = PBXFileReference; lastKnownFileType = text.plist.xml; path = Info.plist; sourceTree = "<group>"; };
		3C41CABA1E034190005B3D49 /* MapTests.xctest */ = {isa = PBXFileReference; explicitFileType = wrapper.cfbundle; includeInIndex = 0; path = MapTests.xctest; sourceTree = BUILT_PRODUCTS_DIR; };
		3C41CABE1E034190005B3D49 /* MapTests.swift */ = {isa = PBXFileReference; lastKnownFileType = sourcecode.swift; path = MapTests.swift; sourceTree = "<group>"; };
		3C41CAC01E034190005B3D49 /* Info.plist */ = {isa = PBXFileReference; lastKnownFileType = text.plist.xml; path = Info.plist; sourceTree = "<group>"; };
		3C41CAC51E034190005B3D49 /* MapUITests.xctest */ = {isa = PBXFileReference; explicitFileType = wrapper.cfbundle; includeInIndex = 0; path = MapUITests.xctest; sourceTree = BUILT_PRODUCTS_DIR; };
		3C41CAC91E034190005B3D49 /* MapUITests.swift */ = {isa = PBXFileReference; lastKnownFileType = sourcecode.swift; path = MapUITests.swift; sourceTree = "<group>"; };
		3C41CACB1E034190005B3D49 /* Info.plist */ = {isa = PBXFileReference; lastKnownFileType = text.plist.xml; path = Info.plist; sourceTree = "<group>"; };
		3C41CAD81E03423A005B3D49 /* MapKit.framework */ = {isa = PBXFileReference; lastKnownFileType = wrapper.framework; name = MapKit.framework; path = System/Library/Frameworks/MapKit.framework; sourceTree = SDKROOT; };
		3C547CBC1E04341F00FED0D9 /* Assets.xcassets */ = {isa = PBXFileReference; lastKnownFileType = folder.assetcatalog; path = Assets.xcassets; sourceTree = "<group>"; };
		3C707EB01E04101B00CAE4C2 /* CoreLocation.framework */ = {isa = PBXFileReference; lastKnownFileType = wrapper.framework; name = CoreLocation.framework; path = System/Library/Frameworks/CoreLocation.framework; sourceTree = SDKROOT; };
/* End PBXFileReference section */

/* Begin PBXFrameworksBuildPhase section */
		3C41CAA31E034190005B3D49 /* Frameworks */ = {
			isa = PBXFrameworksBuildPhase;
			buildActionMask = 2147483647;
			files = (
				3C707EB11E04101B00CAE4C2 /* CoreLocation.framework in Frameworks */,
				3C41CAD91E03423A005B3D49 /* MapKit.framework in Frameworks */,
			);
			runOnlyForDeploymentPostprocessing = 0;
		};
		3C41CAB71E034190005B3D49 /* Frameworks */ = {
			isa = PBXFrameworksBuildPhase;
			buildActionMask = 2147483647;
			files = (
			);
			runOnlyForDeploymentPostprocessing = 0;
		};
		3C41CAC21E034190005B3D49 /* Frameworks */ = {
			isa = PBXFrameworksBuildPhase;
			buildActionMask = 2147483647;
			files = (
			);
			runOnlyForDeploymentPostprocessing = 0;
		};
/* End PBXFrameworksBuildPhase section */

/* Begin PBXGroup section */
		3C41CA9D1E034190005B3D49 = {
			isa = PBXGroup;
			children = (
				3C41CAA81E034190005B3D49 /* Map */,
				3C41CABD1E034190005B3D49 /* MapTests */,
				3C41CAC81E034190005B3D49 /* MapUITests */,
				3C41CAA71E034190005B3D49 /* Products */,
				3C41CAD71E034239005B3D49 /* Frameworks */,
			);
			sourceTree = "<group>";
		};
		3C41CAA71E034190005B3D49 /* Products */ = {
			isa = PBXGroup;
			children = (
				3C41CAA61E034190005B3D49 /* Map.app */,
				3C41CABA1E034190005B3D49 /* MapTests.xctest */,
				3C41CAC51E034190005B3D49 /* MapUITests.xctest */,
			);
			name = Products;
			sourceTree = "<group>";
		};
		3C41CAA81E034190005B3D49 /* Map */ = {
			isa = PBXGroup;
			children = (
				3C41CAA91E034190005B3D49 /* AppDelegate.swift */,
				3C41CAAB1E034190005B3D49 /* ViewController.swift */,
				3C41CAAD1E034190005B3D49 /* Main.storyboard */,
				3C41CAB21E034190005B3D49 /* LaunchScreen.storyboard */,
				3C41CAB51E034190005B3D49 /* Info.plist */,
				3C547CBC1E04341F00FED0D9 /* Assets.xcassets */,
			);
			path = Map;
			sourceTree = "<group>";
		};
		3C41CABD1E034190005B3D49 /* MapTests */ = {
			isa = PBXGroup;
			children = (
				3C41CABE1E034190005B3D49 /* MapTests.swift */,
				3C41CAC01E034190005B3D49 /* Info.plist */,
			);
			path = MapTests;
			sourceTree = "<group>";
		};
		3C41CAC81E034190005B3D49 /* MapUITests */ = {
			isa = PBXGroup;
			children = (
				3C41CAC91E034190005B3D49 /* MapUITests.swift */,
				3C41CACB1E034190005B3D49 /* Info.plist */,
			);
			path = MapUITests;
			sourceTree = "<group>";
		};
		3C41CAD71E034239005B3D49 /* Frameworks */ = {
			isa = PBXGroup;
			children = (
				3C707EB01E04101B00CAE4C2 /* CoreLocation.framework */,
				3C41CAD81E03423A005B3D49 /* MapKit.framework */,
			);
			name = Frameworks;
			sourceTree = "<group>";
		};
/* End PBXGroup section */

/* Begin PBXNativeTarget section */
		3C41CAA51E034190005B3D49 /* Map */ = {
			isa = PBXNativeTarget;
			buildConfigurationList = 3C41CACE1E034190005B3D49 /* Build configuration list for PBXNativeTarget "Map" */;
			buildPhases = (
				3C41CAA21E034190005B3D49 /* Sources */,
				3C41CAA31E034190005B3D49 /* Frameworks */,
				3C41CAA41E034190005B3D49 /* Resources */,
			);
			buildRules = (
			);
			dependencies = (
			);
			name = Map;
			productName = Map;
			productReference = 3C41CAA61E034190005B3D49 /* Map.app */;
			productType = "com.apple.product-type.application";
		};
		3C41CAB91E034190005B3D49 /* MapTests */ = {
			isa = PBXNativeTarget;
			buildConfigurationList = 3C41CAD11E034190005B3D49 /* Build configuration list for PBXNativeTarget "MapTests" */;
			buildPhases = (
				3C41CAB61E034190005B3D49 /* Sources */,
				3C41CAB71E034190005B3D49 /* Frameworks */,
				3C41CAB81E034190005B3D49 /* Resources */,
			);
			buildRules = (
			);
			dependencies = (
				3C41CABC1E034190005B3D49 /* PBXTargetDependency */,
			);
			name = MapTests;
			productName = MapTests;
			productReference = 3C41CABA1E034190005B3D49 /* MapTests.xctest */;
			productType = "com.apple.product-type.bundle.unit-test";
		};
		3C41CAC41E034190005B3D49 /* MapUITests */ = {
			isa = PBXNativeTarget;
			buildConfigurationList = 3C41CAD41E034190005B3D49 /* Build configuration list for PBXNativeTarget "MapUITests" */;
			buildPhases = (
				3C41CAC11E034190005B3D49 /* Sources */,
				3C41CAC21E034190005B3D49 /* Frameworks */,
				3C41CAC31E034190005B3D49 /* Resources */,
			);
			buildRules = (
			);
			dependencies = (
				3C41CAC71E034190005B3D49 /* PBXTargetDependency */,
			);
			name = MapUITests;
			productName = MapUITests;
			productReference = 3C41CAC51E034190005B3D49 /* MapUITests.xctest */;
			productType = "com.apple.product-type.bundle.ui-testing";
		};
/* End PBXNativeTarget section */

/* Begin PBXProject section */
		3C41CA9E1E034190005B3D49 /* Project object */ = {
			isa = PBXProject;
			attributes = {
				LastSwiftUpdateCheck = 0820;
				LastUpgradeCheck = 0820;
				ORGANIZATIONNAME = "Кирилл Рябинин";
				TargetAttributes = {
					3C41CAA51E034190005B3D49 = {
						CreatedOnToolsVersion = 8.2;
						DevelopmentTeam = LL8UYH94A9;
						ProvisioningStyle = Automatic;
					};
					3C41CAB91E034190005B3D49 = {
						CreatedOnToolsVersion = 8.2;
						DevelopmentTeam = LL8UYH94A9;
						ProvisioningStyle = Automatic;
						TestTargetID = 3C41CAA51E034190005B3D49;
					};
					3C41CAC41E034190005B3D49 = {
						CreatedOnToolsVersion = 8.2;
						DevelopmentTeam = LL8UYH94A9;
						ProvisioningStyle = Automatic;
						TestTargetID = 3C41CAA51E034190005B3D49;
					};
				};
			};
			buildConfigurationList = 3C41CAA11E034190005B3D49 /* Build configuration list for PBXProject "Map" */;
			compatibilityVersion = "Xcode 3.2";
			developmentRegion = English;
			hasScannedForEncodings = 0;
			knownRegions = (
				en,
				Base,
			);
			mainGroup = 3C41CA9D1E034190005B3D49;
			productRefGroup = 3C41CAA71E034190005B3D49 /* Products */;
			projectDirPath = "";
			projectRoot = "";
			targets = (
				3C41CAA51E034190005B3D49 /* Map */,
				3C41CAB91E034190005B3D49 /* MapTests */,
				3C41CAC41E034190005B3D49 /* MapUITests */,
			);
		};
/* End PBXProject section */

/* Begin PBXResourcesBuildPhase section */
		3C41CAA41E034190005B3D49 /* Resources */ = {
			isa = PBXResourcesBuildPhase;
			buildActionMask = 2147483647;
			files = (
				3C41CAB41E034190005B3D49 /* LaunchScreen.storyboard in Resources */,
				3C547CBD1E04341F00FED0D9 /* Assets.xcassets in Resources */,
				3C41CAAF1E034190005B3D49 /* Main.storyboard in Resources */,
			);
			runOnlyForDeploymentPostprocessing = 0;
		};
		3C41CAB81E034190005B3D49 /* Resources */ = {
			isa = PBXResourcesBuildPhase;
			buildActionMask = 2147483647;
			files = (
			);
			runOnlyForDeploymentPostprocessing = 0;
		};
		3C41CAC31E034190005B3D49 /* Resources */ = {
			isa = PBXResourcesBuildPhase;
			buildActionMask = 2147483647;
			files = (
			);
			runOnlyForDeploymentPostprocessing = 0;
		};
/* End PBXResourcesBuildPhase section */

/* Begin PBXSourcesBuildPhase section */
		3C41CAA21E034190005B3D49 /* Sources */ = {
			isa = PBXSourcesBuildPhase;
			buildActionMask = 2147483647;
			files = (
				3C41CAAC1E034190005B3D49 /* ViewController.swift in Sources */,
				3C41CAAA1E034190005B3D49 /* AppDelegate.swift in Sources */,
			);
			runOnlyForDeploymentPostprocessing = 0;
		};
		3C41CAB61E034190005B3D49 /* Sources */ = {
			isa = PBXSourcesBuildPhase;
			buildActionMask = 2147483647;
			files = (
				3C41CABF1E034190005B3D49 /* MapTests.swift in Sources */,
			);
			runOnlyForDeploymentPostprocessing = 0;
		};
		3C41CAC11E034190005B3D49 /* Sources */ = {
			isa = PBXSourcesBuildPhase;
			buildActionMask = 2147483647;
			files = (
				3C41CACA1E034190005B3D49 /* MapUITests.swift in Sources */,
			);
			runOnlyForDeploymentPostprocessing = 0;
		};
/* End PBXSourcesBuildPhase section */

/* Begin PBXTargetDependency section */
		3C41CABC1E034190005B3D49 /* PBXTargetDependency */ = {
			isa = PBXTargetDependency;
			target = 3C41CAA51E034190005B3D49 /* Map */;
			targetProxy = 3C41CABB1E034190005B3D49 /* PBXContainerItemProxy */;
		};
		3C41CAC71E034190005B3D49 /* PBXTargetDependency */ = {
			isa = PBXTargetDependency;
			target = 3C41CAA51E034190005B3D49 /* Map */;
			targetProxy = 3C41CAC61E034190005B3D49 /* PBXContainerItemProxy */;
		};
/* End PBXTargetDependency section */

/* Begin PBXVariantGroup section */
		3C41CAAD1E034190005B3D49 /* Main.storyboard */ = {
			isa = PBXVariantGroup;
			children = (
				3C41CAAE1E034190005B3D49 /* Base */,
			);
			name = Main.storyboard;
			sourceTree = "<group>";
		};
		3C41CAB21E034190005B3D49 /* LaunchScreen.storyboard */ = {
			isa = PBXVariantGroup;
			children = (
				3C41CAB31E034190005B3D49 /* Base */,
			);
			name = LaunchScreen.storyboard;
			sourceTree = "<group>";
		};
/* End PBXVariantGroup section */

/* Begin XCBuildConfiguration section */
		3C41CACC1E034190005B3D49 /* Debug */ = {
			isa = XCBuildConfiguration;
			buildSettings = {
				ALWAYS_SEARCH_USER_PATHS = NO;
				CLANG_ANALYZER_NONNULL = YES;
				CLANG_CXX_LANGUAGE_STANDARD = "gnu++0x";
				CLANG_CXX_LIBRARY = "libc++";
				CLANG_ENABLE_MODULES = YES;
				CLANG_ENABLE_OBJC_ARC = YES;
				CLANG_WARN_BOOL_CONVERSION = YES;
				CLANG_WARN_CONSTANT_CONVERSION = YES;
				CLANG_WARN_DIRECT_OBJC_ISA_USAGE = YES_ERROR;
				CLANG_WARN_DOCUMENTATION_COMMENTS = YES;
				CLANG_WARN_EMPTY_BODY = YES;
				CLANG_WARN_ENUM_CONVERSION = YES;
				CLANG_WARN_INFINITE_RECURSION = YES;
				CLANG_WARN_INT_CONVERSION = YES;
				CLANG_WARN_OBJC_ROOT_CLASS = YES_ERROR;
				CLANG_WARN_SUSPICIOUS_MOVE = YES;
				CLANG_WARN_UNREACHABLE_CODE = YES;
				CLANG_WARN__DUPLICATE_METHOD_MATCH = YES;
				"CODE_SIGN_IDENTITY[sdk=iphoneos*]" = "iPhone Developer";
				COPY_PHASE_STRIP = NO;
				DEBUG_INFORMATION_FORMAT = dwarf;
				ENABLE_STRICT_OBJC_MSGSEND = YES;
				ENABLE_TESTABILITY = YES;
				GCC_C_LANGUAGE_STANDARD = gnu99;
				GCC_DYNAMIC_NO_PIC = NO;
				GCC_NO_COMMON_BLOCKS = YES;
				GCC_OPTIMIZATION_LEVEL = 0;
				GCC_PREPROCESSOR_DEFINITIONS = (
					"DEBUG=1",
					"$(inherited)",
				);
				GCC_WARN_64_TO_32_BIT_CONVERSION = YES;
				GCC_WARN_ABOUT_RETURN_TYPE = YES_ERROR;
				GCC_WARN_UNDECLARED_SELECTOR = YES;
				GCC_WARN_UNINITIALIZED_AUTOS = YES_AGGRESSIVE;
				GCC_WARN_UNUSED_FUNCTION = YES;
				GCC_WARN_UNUSED_VARIABLE = YES;
				IPHONEOS_DEPLOYMENT_TARGET = 10.2;
				MTL_ENABLE_DEBUG_INFO = YES;
				ONLY_ACTIVE_ARCH = YES;
				SDKROOT = iphoneos;
				SWIFT_ACTIVE_COMPILATION_CONDITIONS = DEBUG;
				SWIFT_OPTIMIZATION_LEVEL = "-Onone";
			};
			name = Debug;
		};
		3C41CACD1E034190005B3D49 /* Release */ = {
			isa = XCBuildConfiguration;
			buildSettings = {
				ALWAYS_SEARCH_USER_PATHS = NO;
				CLANG_ANALYZER_NONNULL = YES;
				CLANG_CXX_LANGUAGE_STANDARD = "gnu++0x";
				CLANG_CXX_LIBRARY = "libc++";
				CLANG_ENABLE_MODULES = YES;
				CLANG_ENABLE_OBJC_ARC = YES;
				CLANG_WARN_BOOL_CONVERSION = YES;
				CLANG_WARN_CONSTANT_CONVERSION = YES;
				CLANG_WARN_DIRECT_OBJC_ISA_USAGE = YES_ERROR;
				CLANG_WARN_DOCUMENTATION_COMMENTS = YES;
				CLANG_WARN_EMPTY_BODY = YES;
				CLANG_WARN_ENUM_CONVERSION = YES;
				CLANG_WARN_INFINITE_RECURSION = YES;
				CLANG_WARN_INT_CONVERSION = YES;
				CLANG_WARN_OBJC_ROOT_CLASS = YES_ERROR;
				CLANG_WARN_SUSPICIOUS_MOVE = YES;
				CLANG_WARN_UNREACHABLE_CODE = YES;
				CLANG_WARN__DUPLICATE_METHOD_MATCH = YES;
				"CODE_SIGN_IDENTITY[sdk=iphoneos*]" = "iPhone Developer";
				COPY_PHASE_STRIP = NO;
				DEBUG_INFORMATION_FORMAT = "dwarf-with-dsym";
				ENABLE_NS_ASSERTIONS = NO;
				ENABLE_STRICT_OBJC_MSGSEND = YES;
				GCC_C_LANGUAGE_STANDARD = gnu99;
				GCC_NO_COMMON_BLOCKS = YES;
				GCC_WARN_64_TO_32_BIT_CONVERSION = YES;
				GCC_WARN_ABOUT_RETURN_TYPE = YES_ERROR;
				GCC_WARN_UNDECLARED_SELECTOR = YES;
				GCC_WARN_UNINITIALIZED_AUTOS = YES_AGGRESSIVE;
				GCC_WARN_UNUSED_FUNCTION = YES;
				GCC_WARN_UNUSED_VARIABLE = YES;
				IPHONEOS_DEPLOYMENT_TARGET = 10.2;
				MTL_ENABLE_DEBUG_INFO = NO;
				SDKROOT = iphoneos;
				SWIFT_OPTIMIZATION_LEVEL = "-Owholemodule";
				VALIDATE_PRODUCT = YES;
			};
			name = Release;
		};
		3C41CACF1E034190005B3D49 /* Debug */ = {
			isa = XCBuildConfiguration;
			buildSettings = {
				ASSETCATALOG_COMPILER_APPICON_NAME = AppIcon;
				DEVELOPMENT_TEAM = LL8UYH94A9;
				INFOPLIST_FILE = Map/Info.plist;
				LD_RUNPATH_SEARCH_PATHS = "$(inherited) @executable_path/Frameworks";
				PRODUCT_BUNDLE_IDENTIFIER = "-.Maperw";
				PRODUCT_NAME = "$(TARGET_NAME)";
				SWIFT_VERSION = 3.0;
			};
			name = Debug;
		};
		3C41CAD01E034190005B3D49 /* Release */ = {
			isa = XCBuildConfiguration;
			buildSettings = {
				ASSETCATALOG_COMPILER_APPICON_NAME = AppIcon;
				DEVELOPMENT_TEAM = LL8UYH94A9;
				INFOPLIST_FILE = Map/Info.plist;
				LD_RUNPATH_SEARCH_PATHS = "$(inherited) @executable_path/Frameworks";
				PRODUCT_BUNDLE_IDENTIFIER = "-.Maperw";
				PRODUCT_NAME = "$(TARGET_NAME)";
				SWIFT_VERSION = 3.0;
			};
			name = Release;
		};
		3C41CAD21E034190005B3D49 /* Debug */ = {
			isa = XCBuildConfiguration;
			buildSettings = {
				ALWAYS_EMBED_SWIFT_STANDARD_LIBRARIES = YES;
				BUNDLE_LOADER = "$(TEST_HOST)";
				DEVELOPMENT_TEAM = LL8UYH94A9;
				INFOPLIST_FILE = MapTests/Info.plist;
				LD_RUNPATH_SEARCH_PATHS = "$(inherited) @executable_path/Frameworks @loader_path/Frameworks";
				PRODUCT_BUNDLE_IDENTIFIER = "-.MapTests";
				PRODUCT_NAME = "$(TARGET_NAME)";
				SWIFT_VERSION = 3.0;
				TEST_HOST = "$(BUILT_PRODUCTS_DIR)/Map.app/Map";
			};
			name = Debug;
		};
		3C41CAD31E034190005B3D49 /* Release */ = {
			isa = XCBuildConfiguration;
			buildSettings = {
				ALWAYS_EMBED_SWIFT_STANDARD_LIBRARIES = YES;
				BUNDLE_LOADER = "$(TEST_HOST)";
				DEVELOPMENT_TEAM = LL8UYH94A9;
				INFOPLIST_FILE = MapTests/Info.plist;
				LD_RUNPATH_SEARCH_PATHS = "$(inherited) @executable_path/Frameworks @loader_path/Frameworks";
				PRODUCT_BUNDLE_IDENTIFIER = "-.MapTests";
				PRODUCT_NAME = "$(TARGET_NAME)";
				SWIFT_VERSION = 3.0;
				TEST_HOST = "$(BUILT_PRODUCTS_DIR)/Map.app/Map";
			};
			name = Release;
		};
		3C41CAD51E034190005B3D49 /* Debug */ = {
			isa = XCBuildConfiguration;
			buildSettings = {
				ALWAYS_EMBED_SWIFT_STANDARD_LIBRARIES = YES;
				DEVELOPMENT_TEAM = LL8UYH94A9;
				INFOPLIST_FILE = MapUITests/Info.plist;
				LD_RUNPATH_SEARCH_PATHS = "$(inherited) @executable_path/Frameworks @loader_path/Frameworks";
				PRODUCT_BUNDLE_IDENTIFIER = "-.MapUITests";
				PRODUCT_NAME = "$(TARGET_NAME)";
				SWIFT_VERSION = 3.0;
				TEST_TARGET_NAME = Map;
			};
			name = Debug;
		};
		3C41CAD61E034190005B3D49 /* Release */ = {
			isa = XCBuildConfiguration;
			buildSettings = {
				ALWAYS_EMBED_SWIFT_STANDARD_LIBRARIES = YES;
				DEVELOPMENT_TEAM = LL8UYH94A9;
				INFOPLIST_FILE = MapUITests/Info.plist;
				LD_RUNPATH_SEARCH_PATHS = "$(inherited) @executable_path/Frameworks @loader_path/Frameworks";
				PRODUCT_BUNDLE_IDENTIFIER = "-.MapUITests";
				PRODUCT_NAME = "$(TARGET_NAME)";
				SWIFT_VERSION = 3.0;
				TEST_TARGET_NAME = Map;
			};
			name = Release;
		};
/* End XCBuildConfiguration section */

/* Begin XCConfigurationList section */
		3C41CAA11E034190005B3D49 /* Build configuration list for PBXProject "Map" */ = {
			isa = XCConfigurationList;
			buildConfigurations = (
				3C41CACC1E034190005B3D49 /* Debug */,
				3C41CACD1E034190005B3D49 /* Release */,
			);
			defaultConfigurationIsVisible = 0;
			defaultConfigurationName = Release;
		};
		3C41CACE1E034190005B3D49 /* Build configuration list for PBXNativeTarget "Map" */ = {
			isa = XCConfigurationList;
			buildConfigurations = (
				3C41CACF1E034190005B3D49 /* Debug */,
				3C41CAD01E034190005B3D49 /* Release */,
			);
			defaultConfigurationIsVisible = 0;
			defaultConfigurationName = Release;
		};
		3C41CAD11E034190005B3D49 /* Build configuration list for PBXNativeTarget "MapTests" */ = {
			isa = XCConfigurationList;
			buildConfigurations = (
				3C41CAD21E034190005B3D49 /* Debug */,
				3C41CAD31E034190005B3D49 /* Release */,
			);
			defaultConfigurationIsVisible = 0;
			defaultConfigurationName = Release;
		};
		3C41CAD41E034190005B3D49 /* Build configuration list for PBXNativeTarget "MapUITests" */ = {
			isa = XCConfigurationList;
			buildConfigurations = (
				3C41CAD51E034190005B3D49 /* Debug */,
				3C41CAD61E034190005B3D49 /* Release */,
			);
			defaultConfigurationIsVisible = 0;
			defaultConfigurationName = Release;
		};
/* End XCConfigurationList section */
	};
	rootObject = 3C41CA9E1E034190005B3D49 /* Project object */;
}
